
Microsoft Visual Studio Solution File, Format Version 12.00
# Visual Studio Version 17
VisualStudioVersion = 17.0.31903.59
MinimumVisualStudioVersion = 10.0.40219.1
Project("{9A19103F-16F7-4668-BE54-9A1E7A4F7556}") = "MinimalApi", "Api\MinimalApi.csproj", "{ABFB4212-85B3-4F52-BDD9-BDDD27EDFA8E}"
EndProject
Project("{9A19103F-16F7-4668-BE54-9A1E7A4F7556}") = "teste-minimalapi", "teste-minimalapi\teste-minimalapi.csproj", "{52EFB35C-D4DE-4A78-B064-59739124F481}"
EndProject
Global
	GlobalSection(SolutionConfigurationPlatforms) = preSolution
		Debug|Any CPU = Debug|Any CPU
		Release|Any CPU = Release|Any CPU
	EndGlobalSection
	GlobalSection(ProjectConfigurationPlatforms) = postSolution
		{ABFB4212-85B3-4F52-BDD9-BDDD27EDFA8E}.Debug|Any CPU.ActiveCfg = Debug|Any CPU
		{ABFB4212-85B3-4F52-BDD9-BDDD27EDFA8E}.Debug|Any CPU.Build.0 = Debug|Any CPU
		{ABFB4212-85B3-4F52-BDD9-BDDD27EDFA8E}.Release|Any CPU.ActiveCfg = Release|Any CPU
		{ABFB4212-85B3-4F52-BDD9-BDDD27EDFA8E}.Release|Any CPU.Build.0 = Release|Any CPU
		{52EFB35C-D4DE-4A78-B064-59739124F481}.Debug|Any CPU.ActiveCfg = Debug|Any CPU
		{52EFB35C-D4DE-4A78-B064-59739124F481}.Debug|Any CPU.Build.0 = Debug|Any CPU
		{52EFB35C-D4DE-4A78-B064-59739124F481}.Release|Any CPU.ActiveCfg = Release|Any CPU
		{52EFB35C-D4DE-4A78-B064-59739124F481}.Release|Any CPU.Build.0 = Release|Any CPU
	EndGlobalSection
	GlobalSection(SolutionProperties) = preSolution
		HideSolutionNode = FALSE
	EndGlobalSection
EndGlobal
